
Microsoft Visual Studio Solution File, Format Version 12.00
# Visual Studio Version 16
VisualStudioVersion = 25.0.1706.1
MinimumVisualStudioVersion = 10.0.40219.1
Project("{FAE04EC0-301F-11D3-BF4B-00C04F79EFBC}") = "ECommerceApp", "ECommerceApp\ECommerceApp.csproj", "{B6303231-604D-4235-BB87-D4CD6711EAED}"
EndProject
Project("{FAE04EC0-301F-11D3-BF4B-00C04F79EFBC}") = "ECommereApp_Razor", "ECommereApp_Razor\ECommereApp_Razor.csproj", "{09C9A39E-1B54-40C5-8BAE-9F3E1385C875}"
EndProject
Project("{FAE04EC0-301F-11D3-BF4B-00C04F79EFBC}") = "EcommerceApp.DataAccess", "EcommerceApp.DataAccess\EcommerceApp.DataAccess.csproj", "{1046623A-82F6-4759-9CCB-643D2E4D5A75}"
EndProject
Project("{FAE04EC0-301F-11D3-BF4B-00C04F79EFBC}") = "ECommerceAp.Utility", "ECommerceAp.Utility\ECommerceAp.Utility.csproj", "{71FCAB99-33C1-487D-ABA3-2A4524C34CD2}"
EndProject
Project("{FAE04EC0-301F-11D3-BF4B-00C04F79EFBC}") = "EXommerceApp.Models", "EXommerceApp.Models\EXommerceApp.Models.csproj", "{624C0141-D823-44A0-B1EF-AF3A1469A62F}"
EndProject
Global
	GlobalSection(SolutionConfigurationPlatforms) = preSolution
		Debug|Any CPU = Debug|Any CPU
		Release|Any CPU = Release|Any CPU
	EndGlobalSection
	GlobalSection(ProjectConfigurationPlatforms) = postSolution
		{B6303231-604D-4235-BB87-D4CD6711EAED}.Debug|Any CPU.ActiveCfg = Debug|Any CPU
		{B6303231-604D-4235-BB87-D4CD6711EAED}.Debug|Any CPU.Build.0 = Debug|Any CPU
		{B6303231-604D-4235-BB87-D4CD6711EAED}.Release|Any CPU.ActiveCfg = Release|Any CPU
		{B6303231-604D-4235-BB87-D4CD6711EAED}.Release|Any CPU.Build.0 = Release|Any CPU
		{09C9A39E-1B54-40C5-8BAE-9F3E1385C875}.Debug|Any CPU.ActiveCfg = Debug|Any CPU
		{09C9A39E-1B54-40C5-8BAE-9F3E1385C875}.Debug|Any CPU.Build.0 = Debug|Any CPU
		{09C9A39E-1B54-40C5-8BAE-9F3E1385C875}.Release|Any CPU.ActiveCfg = Release|Any CPU
		{09C9A39E-1B54-40C5-8BAE-9F3E1385C875}.Release|Any CPU.Build.0 = Release|Any CPU
		{1046623A-82F6-4759-9CCB-643D2E4D5A75}.Debug|Any CPU.ActiveCfg = Debug|Any CPU
		{1046623A-82F6-4759-9CCB-643D2E4D5A75}.Debug|Any CPU.Build.0 = Debug|Any CPU
		{1046623A-82F6-4759-9CCB-643D2E4D5A75}.Release|Any CPU.ActiveCfg = Release|Any CPU
		{1046623A-82F6-4759-9CCB-643D2E4D5A75}.Release|Any CPU.Build.0 = Release|Any CPU
		{71FCAB99-33C1-487D-ABA3-2A4524C34CD2}.Debug|Any CPU.ActiveCfg = Debug|Any CPU
		{71FCAB99-33C1-487D-ABA3-2A4524C34CD2}.Debug|Any CPU.Build.0 = Debug|Any CPU
		{71FCAB99-33C1-487D-ABA3-2A4524C34CD2}.Release|Any CPU.ActiveCfg = Release|Any CPU
		{71FCAB99-33C1-487D-ABA3-2A4524C34CD2}.Release|Any CPU.Build.0 = Release|Any CPU
		{624C0141-D823-44A0-B1EF-AF3A1469A62F}.Debug|Any CPU.ActiveCfg = Debug|Any CPU
		{624C0141-D823-44A0-B1EF-AF3A1469A62F}.Debug|Any CPU.Build.0 = Debug|Any CPU
		{624C0141-D823-44A0-B1EF-AF3A1469A62F}.Release|Any CPU.ActiveCfg = Release|Any CPU
		{624C0141-D823-44A0-B1EF-AF3A1469A62F}.Release|Any CPU.Build.0 = Release|Any CPU
	EndGlobalSection
	GlobalSection(SolutionProperties) = preSolution
		HideSolutionNode = FALSE
	EndGlobalSection
	GlobalSection(ExtensibilityGlobals) = postSolution
		SolutionGuid = {F12072C3-DD59-4D3B-AA34-A8B38A024F45}
	EndGlobalSection
EndGlobal
